{
	"name": "mongodb-course",
	"lockfileVersion": 3,
	"requires": true,
	"packages": {
		"": {
			"devDependencies": {
				"@ngneat/falso": "~8.0.2"
			}
		},
		"node_modules/@ngneat/falso": {
			"version": "8.0.2",
			"resolved": "https://registry.npmjs.org/@ngneat/falso/-/falso-8.0.2.tgz",
			"integrity": "sha512-vhPtuoHoxE5JGWPSPBqEyTXcjI4MAn8GllR+Vs8FfpAQu2sQRd4PJc3e8kc9vdbdhYHx1C9HmbECgtGLK30z4w==",
			"dev": true,
			"license": "MIT",
			"dependencies": {
				"seedrandom": "3.0.5",
				"uuid": "8.3.2"
			}
		},
		"node_modules/seedrandom": {
			"version": "3.0.5",
			"resolved": "https://registry.npmjs.org/seedrandom/-/seedrandom-3.0.5.tgz",
			"integrity": "sha512-8OwmbklUNzwezjGInmZ+2clQmExQPvomqjL7LFqOYqtmuxRgQYqOD3mHaU+MvZn5FLUeVxVfQjwLZW/n/JFuqg==",
			"dev": true,
			"license": "MIT"
		},
		"node_modules/uuid": {
			"version": "8.3.2",
			"resolved": "https://registry.npmjs.org/uuid/-/uuid-8.3.2.tgz",
			"integrity": "sha512-+NYs2QeMWy+GWFOEm9xnn6HCDp0l7QBD7ml8zLUmJ+93Q5NF0NocErnwkTkXVFNiX3/fpC6afS8Dhb/gz7R7eg==",
			"dev": true,
			"license": "MIT",
			"bin": {
				"uuid": "dist/bin/uuid"
			}
		}
	}
}
